
Microsoft Visual Studio Solution File, Format Version 12.00
# Visual Studio 15
VisualStudioVersion = 15.0.28010.2048
MinimumVisualStudioVersion = 10.0.40219.1
Project("{9A19103F-16F7-4668-BE54-9A1E7A4F7556}") = "SharedLibrary", "SharedLibrary.csproj", "{2420C601-DD8E-4EB7-8898-02AED549FFD6}"
EndProject
Global
	GlobalSection(SolutionConfigurationPlatforms) = preSolution
		Debug|Any CPU = Debug|Any CPU
		Release|Any CPU = Release|Any CPU
	EndGlobalSection
	GlobalSection(ProjectConfigurationPlatforms) = postSolution
		{2420C601-DD8E-4EB7-8898-02AED549FFD6}.Debug|Any CPU.ActiveCfg = Debug|Any CPU
		{2420C601-DD8E-4EB7-8898-02AED549FFD6}.Debug|Any CPU.Build.0 = Debug|Any CPU
		{2420C601-DD8E-4EB7-8898-02AED549FFD6}.Release|Any CPU.ActiveCfg = Release|Any CPU
		{2420C601-DD8E-4EB7-8898-02AED549FFD6}.Release|Any CPU.Build.0 = Release|Any CPU
	EndGlobalSection
	GlobalSection(SolutionProperties) = preSolution
		HideSolutionNode = FALSE
	EndGlobalSection
	GlobalSection(ExtensibilityGlobals) = postSolution
		SolutionGuid = {BB59CE4E-4658-45F6-AA1C-8F9677C874A2}
	EndGlobalSection
EndGlobal
