
Microsoft Visual Studio Solution File, Format Version 12.00
# Visual Studio 15
VisualStudioVersion = 15.0.28010.2048
MinimumVisualStudioVersion = 10.0.40219.1
Project("{FAE04EC0-301F-11D3-BF4B-00C04F79EFBC}") = "Debugging", "Debugging\Debugging.csproj", "{C2E52563-DA4D-496A-AB4D-831DDAACB2ED}"
EndProject
Global
	GlobalSection(SolutionConfigurationPlatforms) = preSolution
		Debug|Any CPU = Debug|Any CPU
		Release|Any CPU = Release|Any CPU
	EndGlobalSection
	GlobalSection(ProjectConfigurationPlatforms) = postSolution
		{C2E52563-DA4D-496A-AB4D-831DDAACB2ED}.Debug|Any CPU.ActiveCfg = Debug|Any CPU
		{C2E52563-DA4D-496A-AB4D-831DDAACB2ED}.Debug|Any CPU.Build.0 = Debug|Any CPU
		{C2E52563-DA4D-496A-AB4D-831DDAACB2ED}.Release|Any CPU.ActiveCfg = Release|Any CPU
		{C2E52563-DA4D-496A-AB4D-831DDAACB2ED}.Release|Any CPU.Build.0 = Release|Any CPU
	EndGlobalSection
	GlobalSection(SolutionProperties) = preSolution
		HideSolutionNode = FALSE
	EndGlobalSection
	GlobalSection(ExtensibilityGlobals) = postSolution
		SolutionGuid = {E3D8C0D6-E54B-451F-84CB-FFEB7D43827B}
	EndGlobalSection
EndGlobal
